<?xml version="1.0" encoding="utf-8"?>
<Project ToolsVersion="4.0" xmlns="http://schemas.microsoft.com/developer/msbuild/2003">
  <ItemGroup>
    <Filter Include="Source Files">
      <UniqueIdentifier>{4FC737F1-C7A5-4376-A066-2A32D752A2FF}</UniqueIdentifier>
      <Extensions>cpp;c;cc;cxx;def;odl;idl;hpj;bat;asm;asmx</Extensions>
    </Filter>
    <Filter Include="Header Files">
      <UniqueIdentifier>{93995380-89BD-4b04-88EB-625FBE52EBFB}</UniqueIdentifier>
      <Extensions>h;hh;hpp;hxx;hm;inl;inc;xsd</Extensions>
    </Filter>
    <Filter Include="Resource Files">
      <UniqueIdentifier>{67DA6AB6-F800-4c08-8B7A-83BB121AAD01}</UniqueIdentifier>
      <Extensions>rc;ico;cur;bmp;dlg;rc2;rct;bin;rgs;gif;jpg;jpeg;jpe;resx;tiff;tif;png;wav;mfcribbon-ms</Extensions>
    </Filter>
    <Filter Include="_core">
      <UniqueIdentifier>{9e944efe-ed6a-4b42-86bb-17e69492259b}</UniqueIdentifier>
    </Filter>
    <Filter Include="_libraries">
      <UniqueIdentifier>{d4e0623d-d52e-4ec0-be7e-d22a87906031}</UniqueIdentifier>
    </Filter>
    <Filter Include="_libraries\XBee">
      <UniqueIdentifier>{ba0857e8-4716-4b64-b4e5-26a7faa220e4}</UniqueIdentifier>
    </Filter>
    <Filter Include="_libraries\PowercastComm">
      <UniqueIdentifier>{dca2a4d3-f5e5-41e3-84e4-21ea7a9a8b26}</UniqueIdentifier>
    </Filter>
    <Filter Include="_libraries\TimedAction">
      <UniqueIdentifier>{85d47e87-6c2b-4944-848a-e0cdcb96deaa}</UniqueIdentifier>
    </Filter>
    <Filter Include="_libraries\PowercastReceiver">
      <UniqueIdentifier>{d23bdaad-b3d9-4d93-a116-5b6a33470a08}</UniqueIdentifier>
    </Filter>
    <Filter Include="_libraries\SD">
      <UniqueIdentifier>{910b2d35-e780-48b9-acc4-d0b341718c04}</UniqueIdentifier>
    </Filter>
  </ItemGroup>
  <ItemGroup>
    <None Include="PowercastTransmitterSide.ino" />
  </ItemGroup>
  <ItemGroup>
    <ClInclude Include="Visual Micro\.PowercastTransmitterSide.vsarduino.h">
      <Filter>Header Files</Filter>
    </ClInclude>
    <ClInclude Include="C:\Program Files (x86)\Arduino\hardware\arduino\cores\arduino\Arduino.h">
      <Filter>_core</Filter>
    </ClInclude>
    <ClInclude Include="C:\Program Files (x86)\Arduino\hardware\arduino\cores\arduino\binary.h">
      <Filter>_core</Filter>
    </ClInclude>
    <ClInclude Include="C:\Program Files (x86)\Arduino\hardware\arduino\cores\arduino\Client.h">
      <Filter>_core</Filter>
    </ClInclude>
    <ClInclude Include="C:\Program Files (x86)\Arduino\hardware\arduino\cores\arduino\HardwareSerial.h">
      <Filter>_core</Filter>
    </ClInclude>
    <ClInclude Include="C:\Program Files (x86)\Arduino\hardware\arduino\cores\arduino\IPAddress.h">
      <Filter>_core</Filter>
    </ClInclude>
    <ClInclude Include="C:\Program Files (x86)\Arduino\hardware\arduino\cores\arduino\new.h">
      <Filter>_core</Filter>
    </ClInclude>
    <ClInclude Include="C:\Program Files (x86)\Arduino\hardware\arduino\cores\arduino\Platform.h">
      <Filter>_core</Filter>
    </ClInclude>
    <ClInclude Include="C:\Program Files (x86)\Arduino\hardware\arduino\cores\arduino\Print.h">
      <Filter>_core</Filter>
    </ClInclude>
    <ClInclude Include="C:\Program Files (x86)\Arduino\hardware\arduino\cores\arduino\Printable.h">
      <Filter>_core</Filter>
    </ClInclude>
    <ClInclude Include="C:\Program Files (x86)\Arduino\hardware\arduino\cores\arduino\Server.h">
      <Filter>_core</Filter>
    </ClInclude>
    <ClInclude Include="C:\Program Files (x86)\Arduino\hardware\arduino\cores\arduino\Stream.h">
      <Filter>_core</Filter>
    </ClInclude>
    <ClInclude Include="C:\Program Files (x86)\Arduino\hardware\arduino\cores\arduino\Udp.h">
      <Filter>_core</Filter>
    </ClInclude>
    <ClInclude Include="C:\Program Files (x86)\Arduino\hardware\arduino\cores\arduino\USBAPI.h">
      <Filter>_core</Filter>
    </ClInclude>
    <ClInclude Include="C:\Program Files (x86)\Arduino\hardware\arduino\cores\arduino\USBCore.h">
      <Filter>_core</Filter>
    </ClInclude>
    <ClInclude Include="C:\Program Files (x86)\Arduino\hardware\arduino\cores\arduino\USBDesc.h">
      <Filter>_core</Filter>
    </ClInclude>
    <ClInclude Include="C:\Program Files (x86)\Arduino\hardware\arduino\cores\arduino\WCharacter.h">
      <Filter>_core</Filter>
    </ClInclude>
    <ClInclude Include="C:\Program Files (x86)\Arduino\hardware\arduino\cores\arduino\wiring_private.h">
      <Filter>_core</Filter>
    </ClInclude>
    <ClInclude Include="C:\Program Files (x86)\Arduino\hardware\arduino\cores\arduino\WString.h">
      <Filter>_core</Filter>
    </ClInclude>
    <ClInclude Include="C:\Program Files (x86)\Arduino\hardware\arduino\variants\standard\pins_arduino.h">
      <Filter>_core</Filter>
    </ClInclude>
    <ClInclude Include="..\libraries\XBee\XBee.h">
      <Filter>_libraries\XBee</Filter>
    </ClInclude>
    <ClInclude Include="..\libraries\PowercastComm\PowercastComm.h">
      <Filter>_libraries\PowercastComm</Filter>
    </ClInclude>
    <ClInclude Include="..\libraries\TimedAction\TimedAction.h">
      <Filter>_libraries\TimedAction</Filter>
    </ClInclude>
    <ClInclude Include="..\libraries\PowercastReceiver\PowercastReceiver.h">
      <Filter>_libraries\PowercastReceiver</Filter>
    </ClInclude>
    <ClInclude Include="..\libraries\PowercastReceiver\PowercastLayer.h">
      <Filter>_libraries\PowercastReceiver</Filter>
    </ClInclude>
    <ClInclude Include="..\libraries\PowercastReceiver\PowercastRxControlLayer.h">
      <Filter>_libraries\PowercastReceiver</Filter>
    </ClInclude>
    <ClInclude Include="..\libraries\PowercastReceiver\PowercastRxControl2Layer.h">
      <Filter>_libraries\PowercastReceiver</Filter>
    </ClInclude>
    <ClInclude Include="..\libraries\PowercastReceiver\PowercastRxMeasurementLayer.h">
      <Filter>_libraries\PowercastReceiver</Filter>
    </ClInclude>
    <ClInclude Include="..\libraries\PowercastReceiver\PowercastTxControlLayer.h">
      <Filter>_libraries\PowercastReceiver</Filter>
    </ClInclude>
    <ClInclude Include="..\libraries\PowercastReceiver\PowercastTxControl2Layer.h">
      <Filter>_libraries\PowercastReceiver</Filter>
    </ClInclude>
    <ClInclude Include="..\libraries\PowercastReceiver\PowercastTxMeasurementLayer.h">
      <Filter>_libraries\PowercastReceiver</Filter>
    </ClInclude>
    <ClInclude Include="..\libraries\PowercastReceiver\MeasurementObject.h">
      <Filter>_libraries\PowercastReceiver</Filter>
    </ClInclude>
    <ClInclude Include="..\..\..\..\..\..\..\Program Files (x86)\Arduino\libraries\SD\SD.h">
      <Filter>_libraries\SD</Filter>
    </ClInclude>
    <ClInclude Include="..\libraries\PowercastReceiver\PowercastRxControl3Layer.h">
      <Filter>_libraries\PowercastReceiver</Filter>
    </ClInclude>
    <ClInclude Include="..\libraries\PowercastReceiver\PowercastControlParameters.h">
      <Filter>_libraries\PowercastReceiver</Filter>
    </ClInclude>
    <ClInclude Include="..\libraries\PowercastReceiver\PowercastRxControl4Layer.h">
      <Filter>_libraries\PowercastReceiver</Filter>
    </ClInclude>
    <ClInclude Include="..\libraries\PowercastReceiver\PowercastTxControl3Layer.h">
      <Filter>_libraries\PowercastReceiver</Filter>
    </ClInclude>
    <ClInclude Include="..\..\..\..\..\..\..\Program Files (x86)\Arduino\hardware\arduino\avr\cores\arduino\Arduino.h">
      <Filter>_core</Filter>
    </ClInclude>
    <ClInclude Include="..\..\..\..\..\..\..\Program Files (x86)\Arduino\hardware\arduino\avr\cores\arduino\binary.h">
      <Filter>_core</Filter>
    </ClInclude>
    <ClInclude Include="..\..\..\..\..\..\..\Program Files (x86)\Arduino\hardware\arduino\avr\cores\arduino\Client.h">
      <Filter>_core</Filter>
    </ClInclude>
    <ClInclude Include="..\..\..\..\..\..\..\Program Files (x86)\Arduino\hardware\arduino\avr\cores\arduino\HardwareSerial.h">
      <Filter>_core</Filter>
    </ClInclude>
    <ClInclude Include="..\..\..\..\..\..\..\Program Files (x86)\Arduino\hardware\arduino\avr\cores\arduino\HardwareSerial_private.h">
      <Filter>_core</Filter>
    </ClInclude>
    <ClInclude Include="..\..\..\..\..\..\..\Program Files (x86)\Arduino\hardware\arduino\avr\cores\arduino\IPAddress.h">
      <Filter>_core</Filter>
    </ClInclude>
    <ClInclude Include="..\..\..\..\..\..\..\Program Files (x86)\Arduino\hardware\arduino\avr\cores\arduino\new.h">
      <Filter>_core</Filter>
    </ClInclude>
    <ClInclude Include="..\..\..\..\..\..\..\Program Files (x86)\Arduino\hardware\arduino\avr\cores\arduino\Print.h">
      <Filter>_core</Filter>
    </ClInclude>
    <ClInclude Include="..\..\..\..\..\..\..\Program Files (x86)\Arduino\hardware\arduino\avr\cores\arduino\Printable.h">
      <Filter>_core</Filter>
    </ClInclude>
    <ClInclude Include="..\..\..\..\..\..\..\Program Files (x86)\Arduino\hardware\arduino\avr\cores\arduino\Server.h">
      <Filter>_core</Filter>
    </ClInclude>
    <ClInclude Include="..\..\..\..\..\..\..\Program Files (x86)\Arduino\hardware\arduino\avr\cores\arduino\Stream.h">
      <Filter>_core</Filter>
    </ClInclude>
    <ClInclude Include="..\..\..\..\..\..\..\Program Files (x86)\Arduino\hardware\arduino\avr\cores\arduino\Udp.h">
      <Filter>_core</Filter>
    </ClInclude>
    <ClInclude Include="..\..\..\..\..\..\..\Program Files (x86)\Arduino\hardware\arduino\avr\cores\arduino\USBAPI.h">
      <Filter>_core</Filter>
    </ClInclude>
    <ClInclude Include="..\..\..\..\..\..\..\Program Files (x86)\Arduino\hardware\arduino\avr\cores\arduino\USBCore.h">
      <Filter>_core</Filter>
    </ClInclude>
    <ClInclude Include="..\..\..\..\..\..\..\Program Files (x86)\Arduino\hardware\arduino\avr\cores\arduino\USBDesc.h">
      <Filter>_core</Filter>
    </ClInclude>
    <ClInclude Include="..\..\..\..\..\..\..\Program Files (x86)\Arduino\hardware\arduino\avr\cores\arduino\WCharacter.h">
      <Filter>_core</Filter>
    </ClInclude>
    <ClInclude Include="..\..\..\..\..\..\..\Program Files (x86)\Arduino\hardware\arduino\avr\cores\arduino\wiring_private.h">
      <Filter>_core</Filter>
    </ClInclude>
    <ClInclude Include="..\..\..\..\..\..\..\Program Files (x86)\Arduino\hardware\arduino\avr\cores\arduino\WString.h">
      <Filter>_core</Filter>
    </ClInclude>
    <ClInclude Include="..\..\..\..\..\..\..\Program Files (x86)\Arduino\hardware\arduino\avr\variants\yun\pins_arduino.h">
      <Filter>_core</Filter>
    </ClInclude>
  </ItemGroup>
  <ItemGroup>
    <ClCompile Include="C:\Program Files (x86)\Arduino\hardware\arduino\cores\arduino\new.cpp">
      <Filter>_core</Filter>
    </ClCompile>
    <ClCompile Include="C:\Program Files (x86)\Arduino\hardware\arduino\cores\arduino\Print.cpp">
      <Filter>_core</Filter>
    </ClCompile>
    <ClCompile Include="C:\Program Files (x86)\Arduino\hardware\arduino\cores\arduino\Stream.cpp">
      <Filter>_core</Filter>
    </ClCompile>
    <ClCompile Include="C:\Program Files (x86)\Arduino\hardware\arduino\cores\arduino\Tone.cpp">
      <Filter>_core</Filter>
    </ClCompile>
    <ClCompile Include="C:\Program Files (x86)\Arduino\hardware\arduino\cores\arduino\USBCore.cpp">
      <Filter>_core</Filter>
    </ClCompile>
    <ClCompile Include="C:\Program Files (x86)\Arduino\hardware\arduino\cores\arduino\WInterrupts.c">
      <Filter>_core</Filter>
    </ClCompile>
    <ClCompile Include="C:\Program Files (x86)\Arduino\hardware\arduino\cores\arduino\wiring.c">
      <Filter>_core</Filter>
    </ClCompile>
    <ClCompile Include="C:\Program Files (x86)\Arduino\hardware\arduino\cores\arduino\wiring_analog.c">
      <Filter>_core</Filter>
    </ClCompile>
    <ClCompile Include="C:\Program Files (x86)\Arduino\hardware\arduino\cores\arduino\wiring_digital.c">
      <Filter>_core</Filter>
    </ClCompile>
    <ClCompile Include="C:\Program Files (x86)\Arduino\hardware\arduino\cores\arduino\wiring_pulse.c">
      <Filter>_core</Filter>
    </ClCompile>
    <ClCompile Include="C:\Program Files (x86)\Arduino\hardware\arduino\cores\arduino\wiring_shift.c">
      <Filter>_core</Filter>
    </ClCompile>
    <ClCompile Include="C:\Program Files (x86)\Arduino\hardware\arduino\cores\arduino\WMath.cpp">
      <Filter>_core</Filter>
    </ClCompile>
    <ClCompile Include="C:\Program Files (x86)\Arduino\hardware\arduino\cores\arduino\WString.cpp">
      <Filter>_core</Filter>
    </ClCompile>
    <ClCompile Include="..\libraries\XBee\XBee.cpp">
      <Filter>_libraries\XBee</Filter>
    </ClCompile>
    <ClCompile Include="..\libraries\PowercastComm\PowercastComm.cpp">
      <Filter>_libraries\PowercastComm</Filter>
    </ClCompile>
    <ClCompile Include="..\libraries\TimedAction\TimedAction.cpp">
      <Filter>_libraries\TimedAction</Filter>
    </ClCompile>
    <ClCompile Include="..\libraries\PowercastReceiver\PowercastReceiver.cpp">
      <Filter>_libraries\PowercastReceiver</Filter>
    </ClCompile>
    <ClCompile Include="..\libraries\PowercastReceiver\PowercastLayer.cpp">
      <Filter>_libraries\PowercastReceiver</Filter>
    </ClCompile>
    <ClCompile Include="..\libraries\PowercastReceiver\PowercastRxControlLayer.cpp">
      <Filter>_libraries\PowercastReceiver</Filter>
    </ClCompile>
    <ClCompile Include="..\libraries\PowercastReceiver\PowercastRxControl2Layer.cpp">
      <Filter>_libraries\PowercastReceiver</Filter>
    </ClCompile>
    <ClCompile Include="..\libraries\PowercastReceiver\PowercastRxMeasurementLayer.cpp">
      <Filter>_libraries\PowercastReceiver</Filter>
    </ClCompile>
    <ClCompile Include="..\libraries\PowercastReceiver\PowercastTxControlLayer.cpp">
      <Filter>_libraries\PowercastReceiver</Filter>
    </ClCompile>
    <ClCompile Include="..\libraries\PowercastReceiver\PowercastTxControl2Layer.cpp">
      <Filter>_libraries\PowercastReceiver</Filter>
    </ClCompile>
    <ClCompile Include="..\libraries\PowercastReceiver\PowercastTxMeasurementLayer.cpp">
      <Filter>_libraries\PowercastReceiver</Filter>
    </ClCompile>
    <ClCompile Include="..\libraries\PowercastReceiver\MeasurementObject.cpp">
      <Filter>_libraries\PowercastReceiver</Filter>
    </ClCompile>
    <ClCompile Include="..\..\..\..\..\..\..\Program Files (x86)\Arduino\libraries\SD\File.cpp">
      <Filter>_libraries\SD</Filter>
    </ClCompile>
    <ClCompile Include="..\..\..\..\..\..\..\Program Files (x86)\Arduino\libraries\SD\SD.cpp">
      <Filter>_libraries\SD</Filter>
    </ClCompile>
    <ClCompile Include="..\libraries\PowercastReceiver\PowercastRxControl3Layer.cpp">
      <Filter>_libraries\PowercastReceiver</Filter>
    </ClCompile>
    <ClCompile Include="..\libraries\PowercastReceiver\PowercastRxControl4Layer.cpp">
      <Filter>_libraries\PowercastReceiver</Filter>
    </ClCompile>
    <ClCompile Include="..\libraries\PowercastReceiver\PowercastTxControl3Layer.cpp">
      <Filter>_libraries\PowercastReceiver</Filter>
    </ClCompile>
    <ClCompile Include="..\libraries\PowercastReceiver\PowercastControlParameters.cpp">
      <Filter>_libraries\PowercastReceiver</Filter>
    </ClCompile>
    <ClCompile Include="..\..\..\..\..\..\..\Program Files (x86)\Arduino\hardware\arduino\avr\cores\arduino\abi.cpp">
      <Filter>_core</Filter>
    </ClCompile>
    <ClCompile Include="..\..\..\..\..\..\..\Program Files (x86)\Arduino\hardware\arduino\avr\cores\arduino\CDC.cpp">
      <Filter>_core</Filter>
    </ClCompile>
    <ClCompile Include="..\..\..\..\..\..\..\Program Files (x86)\Arduino\hardware\arduino\avr\cores\arduino\HardwareSerial.cpp">
      <Filter>_core</Filter>
    </ClCompile>
    <ClCompile Include="..\..\..\..\..\..\..\Program Files (x86)\Arduino\hardware\arduino\avr\cores\arduino\HardwareSerial0.cpp">
      <Filter>_core</Filter>
    </ClCompile>
    <ClCompile Include="..\..\..\..\..\..\..\Program Files (x86)\Arduino\hardware\arduino\avr\cores\arduino\HardwareSerial1.cpp">
      <Filter>_core</Filter>
    </ClCompile>
    <ClCompile Include="..\..\..\..\..\..\..\Program Files (x86)\Arduino\hardware\arduino\avr\cores\arduino\HardwareSerial2.cpp">
      <Filter>_core</Filter>
    </ClCompile>
    <ClCompile Include="..\..\..\..\..\..\..\Program Files (x86)\Arduino\hardware\arduino\avr\cores\arduino\HardwareSerial3.cpp">
      <Filter>_core</Filter>
    </ClCompile>
    <ClCompile Include="..\..\..\..\..\..\..\Program Files (x86)\Arduino\hardware\arduino\avr\cores\arduino\HID.cpp">
      <Filter>_core</Filter>
    </ClCompile>
    <ClCompile Include="..\..\..\..\..\..\..\Program Files (x86)\Arduino\hardware\arduino\avr\cores\arduino\hooks.c">
      <Filter>_core</Filter>
    </ClCompile>
    <ClCompile Include="..\..\..\..\..\..\..\Program Files (x86)\Arduino\hardware\arduino\avr\cores\arduino\IPAddress.cpp">
      <Filter>_core</Filter>
    </ClCompile>
    <ClCompile Include="..\..\..\..\..\..\..\Program Files (x86)\Arduino\hardware\arduino\avr\cores\arduino\main.cpp">
      <Filter>_core</Filter>
    </ClCompile>
    <ClCompile Include="..\..\..\..\..\..\..\Program Files (x86)\Arduino\hardware\arduino\avr\cores\arduino\new.cpp">
      <Filter>_core</Filter>
    </ClCompile>
    <ClCompile Include="..\..\..\..\..\..\..\Program Files (x86)\Arduino\hardware\arduino\avr\cores\arduino\Print.cpp">
      <Filter>_core</Filter>
    </ClCompile>
    <ClCompile Include="..\..\..\..\..\..\..\Program Files (x86)\Arduino\hardware\arduino\avr\cores\arduino\Stream.cpp">
      <Filter>_core</Filter>
    </ClCompile>
    <ClCompile Include="..\..\..\..\..\..\..\Program Files (x86)\Arduino\hardware\arduino\avr\cores\arduino\Tone.cpp">
      <Filter>_core</Filter>
    </ClCompile>
    <ClCompile Include="..\..\..\..\..\..\..\Program Files (x86)\Arduino\hardware\arduino\avr\cores\arduino\USBCore.cpp">
      <Filter>_core</Filter>
    </ClCompile>
    <ClCompile Include="..\..\..\..\..\..\..\Program Files (x86)\Arduino\hardware\arduino\avr\cores\arduino\WInterrupts.c">
      <Filter>_core</Filter>
    </ClCompile>
    <ClCompile Include="..\..\..\..\..\..\..\Program Files (x86)\Arduino\hardware\arduino\avr\cores\arduino\wiring.c">
      <Filter>_core</Filter>
    </ClCompile>
    <ClCompile Include="..\..\..\..\..\..\..\Program Files (x86)\Arduino\hardware\arduino\avr\cores\arduino\wiring_analog.c">
      <Filter>_core</Filter>
    </ClCompile>
    <ClCompile Include="..\..\..\..\..\..\..\Program Files (x86)\Arduino\hardware\arduino\avr\cores\arduino\wiring_digital.c">
      <Filter>_core</Filter>
    </ClCompile>
    <ClCompile Include="..\..\..\..\..\..\..\Program Files (x86)\Arduino\hardware\arduino\avr\cores\arduino\wiring_pulse.c">
      <Filter>_core</Filter>
    </ClCompile>
    <ClCompile Include="..\..\..\..\..\..\..\Program Files (x86)\Arduino\hardware\arduino\avr\cores\arduino\wiring_shift.c">
      <Filter>_core</Filter>
    </ClCompile>
    <ClCompile Include="..\..\..\..\..\..\..\Program Files (x86)\Arduino\hardware\arduino\avr\cores\arduino\WMath.cpp">
      <Filter>_core</Filter>
    </ClCompile>
    <ClCompile Include="..\..\..\..\..\..\..\Program Files (x86)\Arduino\hardware\arduino\avr\cores\arduino\WString.cpp">
      <Filter>_core</Filter>
    </ClCompile>
  </ItemGroup>
</Project>